
Microsoft Visual Studio Solution File, Format Version 12.00
# Visual Studio 15
VisualStudioVersion = 15.0.27703.2026
MinimumVisualStudioVersion = 10.0.40219.1
Project("{FAE04EC0-301F-11D3-BF4B-00C04F79EFBC}") = "CaptainHook", "CaptainHook\CaptainHook.csproj", "{E6F3BD45-3746-47A8-8F7E-D4719E55EAA9}"
EndProject
Project("{FAE04EC0-301F-11D3-BF4B-00C04F79EFBC}") = "CaptainHook.ConsoleTest", "..\CaptainHook.ConsoleTest\CaptainHook.ConsoleTest.csproj", "{D80E82CC-D579-4014-A731-96AE1B9D7511}"
EndProject
Global
	GlobalSection(SolutionConfigurationPlatforms) = preSolution
		Debug|Any CPU = Debug|Any CPU
		Release|Any CPU = Release|Any CPU
	EndGlobalSection
	GlobalSection(ProjectConfigurationPlatforms) = postSolution
		{E6F3BD45-3746-47A8-8F7E-D4719E55EAA9}.Debug|Any CPU.ActiveCfg = Debug|Any CPU
		{E6F3BD45-3746-47A8-8F7E-D4719E55EAA9}.Debug|Any CPU.Build.0 = Debug|Any CPU
		{E6F3BD45-3746-47A8-8F7E-D4719E55EAA9}.Release|Any CPU.ActiveCfg = Release|Any CPU
		{E6F3BD45-3746-47A8-8F7E-D4719E55EAA9}.Release|Any CPU.Build.0 = Release|Any CPU
		{D80E82CC-D579-4014-A731-96AE1B9D7511}.Debug|Any CPU.ActiveCfg = Debug|Any CPU
		{D80E82CC-D579-4014-A731-96AE1B9D7511}.Debug|Any CPU.Build.0 = Debug|Any CPU
		{D80E82CC-D579-4014-A731-96AE1B9D7511}.Release|Any CPU.ActiveCfg = Release|Any CPU
		{D80E82CC-D579-4014-A731-96AE1B9D7511}.Release|Any CPU.Build.0 = Release|Any CPU
	EndGlobalSection
	GlobalSection(SolutionProperties) = preSolution
		HideSolutionNode = FALSE
	EndGlobalSection
	GlobalSection(ExtensibilityGlobals) = postSolution
		SolutionGuid = {DE32287D-A430-4363-8514-240D08CCE356}
	EndGlobalSection
EndGlobal
